// !$*UTF8*$!
{
	archiveVersion = 1;
	classes = {
	};
	objectVersion = 50;
	objects = {

/* Begin PBXBuildFile section */
		399764DE217FB3FB00245DD0 /* AppDelegate.swift in Sources */ = {isa = PBXBuildFile; fileRef = 399764DD217FB3FB00245DD0 /* AppDelegate.swift */; };
		399764E3217FB3FB00245DD0 /* Main.storyboard in Resources */ = {isa = PBXBuildFile; fileRef = 399764E1217FB3FB00245DD0 /* Main.storyboard */; };
		399764E5217FB3FC00245DD0 /* Assets.xcassets in Resources */ = {isa = PBXBuildFile; fileRef = 399764E4217FB3FC00245DD0 /* Assets.xcassets */; };
		399764E8217FB3FC00245DD0 /* LaunchScreen.storyboard in Resources */ = {isa = PBXBuildFile; fileRef = 399764E6217FB3FC00245DD0 /* LaunchScreen.storyboard */; };
		399764F4217FC4E700245DD0 /* CountriesTableViewController.swift in Sources */ = {isa = PBXBuildFile; fileRef = 399764F3217FC4E700245DD0 /* CountriesTableViewController.swift */; };
		399764F7217FC51900245DD0 /* CountryDetailViewController.swift in Sources */ = {isa = PBXBuildFile; fileRef = 399764F6217FC51900245DD0 /* CountryDetailViewController.swift */; };
		399764F9217FC71100245DD0 /* Country.swift in Sources */ = {isa = PBXBuildFile; fileRef = 399764F8217FC71100245DD0 /* Country.swift */; };
		399764FC217FCD3C00245DD0 /* CountryController.swift in Sources */ = {isa = PBXBuildFile; fileRef = 399764FB217FCD3C00245DD0 /* CountryController.swift */; };
/* End PBXBuildFile section */

/* Begin PBXFileReference section */
		399764DA217FB3FB00245DD0 /* Countries.app */ = {isa = PBXFileReference; explicitFileType = wrapper.application; includeInIndex = 0; path = Countries.app; sourceTree = BUILT_PRODUCTS_DIR; };
		399764DD217FB3FB00245DD0 /* AppDelegate.swift */ = {isa = PBXFileReference; lastKnownFileType = sourcecode.swift; path = AppDelegate.swift; sourceTree = "<group>"; };
		399764E2217FB3FB00245DD0 /* Base */ = {isa = PBXFileReference; lastKnownFileType = file.storyboard; name = Base; path = Base.lproj/Main.storyboard; sourceTree = "<group>"; };
		399764E4217FB3FC00245DD0 /* Assets.xcassets */ = {isa = PBXFileReference; lastKnownFileType = folder.assetcatalog; path = Assets.xcassets; sourceTree = "<group>"; };
		399764E7217FB3FC00245DD0 /* Base */ = {isa = PBXFileReference; lastKnownFileType = file.storyboard; name = Base; path = Base.lproj/LaunchScreen.storyboard; sourceTree = "<group>"; };
		399764E9217FB3FC00245DD0 /* Info.plist */ = {isa = PBXFileReference; lastKnownFileType = text.plist.xml; path = Info.plist; sourceTree = "<group>"; };
		399764F3217FC4E700245DD0 /* CountriesTableViewController.swift */ = {isa = PBXFileReference; lastKnownFileType = sourcecode.swift; path = CountriesTableViewController.swift; sourceTree = "<group>"; };
		399764F6217FC51900245DD0 /* CountryDetailViewController.swift */ = {isa = PBXFileReference; lastKnownFileType = sourcecode.swift; path = CountryDetailViewController.swift; sourceTree = "<group>"; };
		399764F8217FC71100245DD0 /* Country.swift */ = {isa = PBXFileReference; lastKnownFileType = sourcecode.swift; path = Country.swift; sourceTree = "<group>"; };
		399764FB217FCD3C00245DD0 /* CountryController.swift */ = {isa = PBXFileReference; lastKnownFileType = sourcecode.swift; path = CountryController.swift; sourceTree = "<group>"; };
/* End PBXFileReference section */

/* Begin PBXFrameworksBuildPhase section */
		399764D7217FB3FB00245DD0 /* Frameworks */ = {
			isa = PBXFrameworksBuildPhase;
			buildActionMask = 2147483647;
			files = (
			);
			runOnlyForDeploymentPostprocessing = 0;
		};
/* End PBXFrameworksBuildPhase section */

/* Begin PBXGroup section */
		399764D1217FB3FB00245DD0 = {
			isa = PBXGroup;
			children = (
				399764DC217FB3FB00245DD0 /* Countries */,
				399764DB217FB3FB00245DD0 /* Products */,
			);
			sourceTree = "<group>";
		};
		399764DB217FB3FB00245DD0 /* Products */ = {
			isa = PBXGroup;
			children = (
				399764DA217FB3FB00245DD0 /* Countries.app */,
			);
			name = Products;
			sourceTree = "<group>";
		};
		399764DC217FB3FB00245DD0 /* Countries */ = {
			isa = PBXGroup;
			children = (
				399764DD217FB3FB00245DD0 /* AppDelegate.swift */,
				399764FA217FC71A00245DD0 /* Model */,
				399764FD217FCD4100245DD0 /* Model Controller */,
				399764F5217FC4ED00245DD0 /* View Controllers */,
				399764E1217FB3FB00245DD0 /* Main.storyboard */,
				399764E4217FB3FC00245DD0 /* Assets.xcassets */,
				399764E6217FB3FC00245DD0 /* LaunchScreen.storyboard */,
				399764E9217FB3FC00245DD0 /* Info.plist */,
			);
			path = Countries;
			sourceTree = "<group>";
		};
		399764F5217FC4ED00245DD0 /* View Controllers */ = {
			isa = PBXGroup;
			children = (
				399764F3217FC4E700245DD0 /* CountriesTableViewController.swift */,
				399764F6217FC51900245DD0 /* CountryDetailViewController.swift */,
			);
			path = "View Controllers";
			sourceTree = "<group>";
		};
		399764FA217FC71A00245DD0 /* Model */ = {
			isa = PBXGroup;
			children = (
				399764F8217FC71100245DD0 /* Country.swift */,
			);
			path = Model;
			sourceTree = "<group>";
		};
		399764FD217FCD4100245DD0 /* Model Controller */ = {
			isa = PBXGroup;
			children = (
				399764FB217FCD3C00245DD0 /* CountryController.swift */,
			);
			path = "Model Controller";
			sourceTree = "<group>";
		};
/* End PBXGroup section */

/* Begin PBXNativeTarget section */
		399764D9217FB3FB00245DD0 /* Countries */ = {
			isa = PBXNativeTarget;
			buildConfigurationList = 399764EC217FB3FC00245DD0 /* Build configuration list for PBXNativeTarget "Countries" */;
			buildPhases = (
				399764D6217FB3FB00245DD0 /* Sources */,
				399764D7217FB3FB00245DD0 /* Frameworks */,
				399764D8217FB3FB00245DD0 /* Resources */,
			);
			buildRules = (
			);
			dependencies = (
			);
			name = Countries;
			productName = Countries;
			productReference = 399764DA217FB3FB00245DD0 /* Countries.app */;
			productType = "com.apple.product-type.application";
		};
/* End PBXNativeTarget section */

/* Begin PBXProject section */
		399764D2217FB3FB00245DD0 /* Project object */ = {
			isa = PBXProject;
			attributes = {
				LastSwiftUpdateCheck = 1000;
				LastUpgradeCheck = 1000;
				ORGANIZATIONNAME = "Linh Bouniol";
				TargetAttributes = {
					399764D9217FB3FB00245DD0 = {
						CreatedOnToolsVersion = 10.0;
					};
				};
			};
			buildConfigurationList = 399764D5217FB3FB00245DD0 /* Build configuration list for PBXProject "Countries" */;
			compatibilityVersion = "Xcode 9.3";
			developmentRegion = en;
			hasScannedForEncodings = 0;
			knownRegions = (
				en,
				Base,
			);
			mainGroup = 399764D1217FB3FB00245DD0;
			productRefGroup = 399764DB217FB3FB00245DD0 /* Products */;
			projectDirPath = "";
			projectRoot = "";
			targets = (
				399764D9217FB3FB00245DD0 /* Countries */,
			);
		};
/* End PBXProject section */

/* Begin PBXResourcesBuildPhase section */
		399764D8217FB3FB00245DD0 /* Resources */ = {
			isa = PBXResourcesBuildPhase;
			buildActionMask = 2147483647;
			files = (
				399764E8217FB3FC00245DD0 /* LaunchScreen.storyboard in Resources */,
				399764E5217FB3FC00245DD0 /* Assets.xcassets in Resources */,
				399764E3217FB3FB00245DD0 /* Main.storyboard in Resources */,
			);
			runOnlyForDeploymentPostprocessing = 0;
		};
/* End PBXResourcesBuildPhase section */

/* Begin PBXSourcesBuildPhase section */
		399764D6217FB3FB00245DD0 /* Sources */ = {
			isa = PBXSourcesBuildPhase;
			buildActionMask = 2147483647;
			files = (
				399764F9217FC71100245DD0 /* Country.swift in Sources */,
				399764F7217FC51900245DD0 /* CountryDetailViewController.swift in Sources */,
				399764FC217FCD3C00245DD0 /* CountryController.swift in Sources */,
				399764F4217FC4E700245DD0 /* CountriesTableViewController.swift in Sources */,
				399764DE217FB3FB00245DD0 /* AppDelegate.swift in Sources */,
			);
			runOnlyForDeploymentPostprocessing = 0;
		};
/* End PBXSourcesBuildPhase section */

/* Begin PBXVariantGroup section */
		399764E1217FB3FB00245DD0 /* Main.storyboard */ = {
			isa = PBXVariantGroup;
			children = (
				399764E2217FB3FB00245DD0 /* Base */,
			);
			name = Main.storyboard;
			sourceTree = "<group>";
		};
		399764E6217FB3FC00245DD0 /* LaunchScreen.storyboard */ = {
			isa = PBXVariantGroup;
			children = (
				399764E7217FB3FC00245DD0 /* Base */,
			);
			name = LaunchScreen.storyboard;
			sourceTree = "<group>";
		};
/* End PBXVariantGroup section */

/* Begin XCBuildConfiguration section */
		399764EA217FB3FC00245DD0 /* Debug */ = {
			isa = XCBuildConfiguration;
			buildSettings = {
				ALWAYS_SEARCH_USER_PATHS = NO;
				CLANG_ANALYZER_NONNULL = YES;
				CLANG_ANALYZER_NUMBER_OBJECT_CONVERSION = YES_AGGRESSIVE;
				CLANG_CXX_LANGUAGE_STANDARD = "gnu++14";
				CLANG_CXX_LIBRARY = "libc++";
				CLANG_ENABLE_MODULES = YES;
				CLANG_ENABLE_OBJC_ARC = YES;
				CLANG_ENABLE_OBJC_WEAK = YES;
				CLANG_WARN_BLOCK_CAPTURE_AUTORELEASING = YES;
				CLANG_WARN_BOOL_CONVERSION = YES;
				CLANG_WARN_COMMA = YES;
				CLANG_WARN_CONSTANT_CONVERSION = YES;
				CLANG_WARN_DEPRECATED_OBJC_IMPLEMENTATIONS = YES;
				CLANG_WARN_DIRECT_OBJC_ISA_USAGE = YES_ERROR;
				CLANG_WARN_DOCUMENTATION_COMMENTS = YES;
				CLANG_WARN_EMPTY_BODY = YES;
				CLANG_WARN_ENUM_CONVERSION = YES;
				CLANG_WARN_INFINITE_RECURSION = YES;
				CLANG_WARN_INT_CONVERSION = YES;
				CLANG_WARN_NON_LITERAL_NULL_CONVERSION = YES;
				CLANG_WARN_OBJC_IMPLICIT_RETAIN_SELF = YES;
				CLANG_WARN_OBJC_LITERAL_CONVERSION = YES;
				CLANG_WARN_OBJC_ROOT_CLASS = YES_ERROR;
				CLANG_WARN_RANGE_LOOP_ANALYSIS = YES;
				CLANG_WARN_STRICT_PROTOTYPES = YES;
				CLANG_WARN_SUSPICIOUS_MOVE = YES;
				CLANG_WARN_UNGUARDED_AVAILABILITY = YES_AGGRESSIVE;
				CLANG_WARN_UNREACHABLE_CODE = YES;
				CLANG_WARN__DUPLICATE_METHOD_MATCH = YES;
				CODE_SIGN_IDENTITY = "iPhone Developer";
				COPY_PHASE_STRIP = NO;
				DEBUG_INFORMATION_FORMAT = dwarf;
				ENABLE_STRICT_OBJC_MSGSEND = YES;
				ENABLE_TESTABILITY = YES;
				GCC_C_LANGUAGE_STANDARD = gnu11;
				GCC_DYNAMIC_NO_PIC = NO;
				GCC_NO_COMMON_BLOCKS = YES;
				GCC_OPTIMIZATION_LEVEL = 0;
				GCC_PREPROCESSOR_DEFINITIONS = (
					"DEBUG=1",
					"$(inherited)",
				);
				GCC_WARN_64_TO_32_BIT_CONVERSION = YES;
				GCC_WARN_ABOUT_RETURN_TYPE = YES_ERROR;
				GCC_WARN_UNDECLARED_SELECTOR = YES;
				GCC_WARN_UNINITIALIZED_AUTOS = YES_AGGRESSIVE;
				GCC_WARN_UNUSED_FUNCTION = YES;
				GCC_WARN_UNUSED_VARIABLE = YES;
				IPHONEOS_DEPLOYMENT_TARGET = 12.0;
				MTL_ENABLE_DEBUG_INFO = INCLUDE_SOURCE;
				MTL_FAST_MATH = YES;
				ONLY_ACTIVE_ARCH = YES;
				SDKROOT = iphoneos;
				SWIFT_ACTIVE_COMPILATION_CONDITIONS = DEBUG;
				SWIFT_OPTIMIZATION_LEVEL = "-Onone";
			};
			name = Debug;
		};
		399764EB217FB3FC00245DD0 /* Release */ = {
			isa = XCBuildConfiguration;
			buildSettings = {
				ALWAYS_SEARCH_USER_PATHS = NO;
				CLANG_ANALYZER_NONNULL = YES;
				CLANG_ANALYZER_NUMBER_OBJECT_CONVERSION = YES_AGGRESSIVE;
				CLANG_CXX_LANGUAGE_STANDARD = "gnu++14";
				CLANG_CXX_LIBRARY = "libc++";
				CLANG_ENABLE_MODULES = YES;
				CLANG_ENABLE_OBJC_ARC = YES;
				CLANG_ENABLE_OBJC_WEAK = YES;
				CLANG_WARN_BLOCK_CAPTURE_AUTORELEASING = YES;
				CLANG_WARN_BOOL_CONVERSION = YES;
				CLANG_WARN_COMMA = YES;
				CLANG_WARN_CONSTANT_CONVERSION = YES;
				CLANG_WARN_DEPRECATED_OBJC_IMPLEMENTATIONS = YES;
				CLANG_WARN_DIRECT_OBJC_ISA_USAGE = YES_ERROR;
				CLANG_WARN_DOCUMENTATION_COMMENTS = YES;
				CLANG_WARN_EMPTY_BODY = YES;
				CLANG_WARN_ENUM_CONVERSION = YES;
				CLANG_WARN_INFINITE_RECURSION = YES;
				CLANG_WARN_INT_CONVERSION = YES;
				CLANG_WARN_NON_LITERAL_NULL_CONVERSION = YES;
				CLANG_WARN_OBJC_IMPLICIT_RETAIN_SELF = YES;
				CLANG_WARN_OBJC_LITERAL_CONVERSION = YES;
				CLANG_WARN_OBJC_ROOT_CLASS = YES_ERROR;
				CLANG_WARN_RANGE_LOOP_ANALYSIS = YES;
				CLANG_WARN_STRICT_PROTOTYPES = YES;
				CLANG_WARN_SUSPICIOUS_MOVE = YES;
				CLANG_WARN_UNGUARDED_AVAILABILITY = YES_AGGRESSIVE;
				CLANG_WARN_UNREACHABLE_CODE = YES;
				CLANG_WARN__DUPLICATE_METHOD_MATCH = YES;
				CODE_SIGN_IDENTITY = "iPhone Developer";
				COPY_PHASE_STRIP = NO;
				DEBUG_INFORMATION_FORMAT = "dwarf-with-dsym";
				ENABLE_NS_ASSERTIONS = NO;
				ENABLE_STRICT_OBJC_MSGSEND = YES;
				GCC_C_LANGUAGE_STANDARD = gnu11;
				GCC_NO_COMMON_BLOCKS = YES;
				GCC_WARN_64_TO_32_BIT_CONVERSION = YES;
				GCC_WARN_ABOUT_RETURN_TYPE = YES_ERROR;
				GCC_WARN_UNDECLARED_SELECTOR = YES;
				GCC_WARN_UNINITIALIZED_AUTOS = YES_AGGRESSIVE;
				GCC_WARN_UNUSED_FUNCTION = YES;
				GCC_WARN_UNUSED_VARIABLE = YES;
				IPHONEOS_DEPLOYMENT_TARGET = 12.0;
				MTL_ENABLE_DEBUG_INFO = NO;
				MTL_FAST_MATH = YES;
				SDKROOT = iphoneos;
				SWIFT_COMPILATION_MODE = wholemodule;
				SWIFT_OPTIMIZATION_LEVEL = "-O";
				VALIDATE_PRODUCT = YES;
			};
			name = Release;
		};
		399764ED217FB3FC00245DD0 /* Debug */ = {
			isa = XCBuildConfiguration;
			buildSettings = {
				ASSETCATALOG_COMPILER_APPICON_NAME = AppIcon;
				CODE_SIGN_STYLE = Automatic;
				DEVELOPMENT_TEAM = 39ZVY2XGME;
				INFOPLIST_FILE = Countries/Info.plist;
				LD_RUNPATH_SEARCH_PATHS = (
					"$(inherited)",
					"@executable_path/Frameworks",
				);
				PRODUCT_BUNDLE_IDENTIFIER = com.linhbouniol.Countries;
				PRODUCT_NAME = "$(TARGET_NAME)";
				SWIFT_VERSION = 4.2;
				TARGETED_DEVICE_FAMILY = "1,2";
			};
			name = Debug;
		};
		399764EE217FB3FC00245DD0 /* Release */ = {
			isa = XCBuildConfiguration;
			buildSettings = {
				ASSETCATALOG_COMPILER_APPICON_NAME = AppIcon;
				CODE_SIGN_STYLE = Automatic;
				DEVELOPMENT_TEAM = 39ZVY2XGME;
				INFOPLIST_FILE = Countries/Info.plist;
				LD_RUNPATH_SEARCH_PATHS = (
					"$(inherited)",
					"@executable_path/Frameworks",
				);
				PRODUCT_BUNDLE_IDENTIFIER = com.linhbouniol.Countries;
				PRODUCT_NAME = "$(TARGET_NAME)";
				SWIFT_VERSION = 4.2;
				TARGETED_DEVICE_FAMILY = "1,2";
			};
			name = Release;
		};
/* End XCBuildConfiguration section */

/* Begin XCConfigurationList section */
		399764D5217FB3FB00245DD0 /* Build configuration list for PBXProject "Countries" */ = {
			isa = XCConfigurationList;
			buildConfigurations = (
				399764EA217FB3FC00245DD0 /* Debug */,
				399764EB217FB3FC00245DD0 /* Release */,
			);
			defaultConfigurationIsVisible = 0;
			defaultConfigurationName = Release;
		};
		399764EC217FB3FC00245DD0 /* Build configuration list for PBXNativeTarget "Countries" */ = {
			isa = XCConfigurationList;
			buildConfigurations = (
				399764ED217FB3FC00245DD0 /* Debug */,
				399764EE217FB3FC00245DD0 /* Release */,
			);
			defaultConfigurationIsVisible = 0;
			defaultConfigurationName = Release;
		};
/* End XCConfigurationList section */
	};
	rootObject = 399764D2217FB3FB00245DD0 /* Project object */;
}
